// !$*UTF8*$!
{
	archiveVersion = 1;
	classes = {
	};
	objectVersion = 50;
	objects = {

/* Begin PBXBuildFile section */
		53BA85C92070CD3800BBA5AF /* ContactsListViewController.m in Sources */ = {isa = PBXBuildFile; fileRef = 53BA85BA2070CD3800BBA5AF /* ContactsListViewController.m */; };
		53BA85CA2070CD3800BBA5AF /* ContactsListInteractor.m in Sources */ = {isa = PBXBuildFile; fileRef = 53BA85BF2070CD3800BBA5AF /* ContactsListInteractor.m */; };
		53BA85CB2070CD3800BBA5AF /* ContactsListPresenter.m in Sources */ = {isa = PBXBuildFile; fileRef = 53BA85C52070CD3800BBA5AF /* ContactsListPresenter.m */; };
		53BA85CE2070CF2800BBA5AF /* ContactsListAssembly.m in Sources */ = {isa = PBXBuildFile; fileRef = 53BA85CD2070CF2800BBA5AF /* ContactsListAssembly.m */; };
		53BA85D02070D05200BBA5AF /* ContactsList.storyboard in Resources */ = {isa = PBXBuildFile; fileRef = 53BA85CF2070D05200BBA5AF /* ContactsList.storyboard */; };
		53BA85D62070D27900BBA5AF /* ContactListTableViewCell.m in Sources */ = {isa = PBXBuildFile; fileRef = 53BA85D52070D27900BBA5AF /* ContactListTableViewCell.m */; };
		53BA85D82070D29200BBA5AF /* ContactListTableViewCell.xib in Resources */ = {isa = PBXBuildFile; fileRef = 53BA85D72070D29200BBA5AF /* ContactListTableViewCell.xib */; };
		53BA85DC2070E1AB00BBA5AF /* ContactListCellConfgurator.m in Sources */ = {isa = PBXBuildFile; fileRef = 53BA85DB2070E1AB00BBA5AF /* ContactListCellConfgurator.m */; };
		53BA85E72070EC5700BBA5AF /* StoryboardNames.m in Sources */ = {isa = PBXBuildFile; fileRef = 53BA85E62070EC5700BBA5AF /* StoryboardNames.m */; };
		53BA85ED2070F54700BBA5AF /* ContactsListLaunchRouter.m in Sources */ = {isa = PBXBuildFile; fileRef = 53BA85EC2070F54700BBA5AF /* ContactsListLaunchRouter.m */; };
		53BA85F12070F84400BBA5AF /* ApplicationConfigurator.m in Sources */ = {isa = PBXBuildFile; fileRef = 53BA85F02070F84400BBA5AF /* ApplicationConfigurator.m */; };
		53BA85F52070FFBC00BBA5AF /* StringValidator.m in Sources */ = {isa = PBXBuildFile; fileRef = 53BA85F42070FFBC00BBA5AF /* StringValidator.m */; };
		53FB4960206F95E6002549F0 /* AppDelegate.m in Sources */ = {isa = PBXBuildFile; fileRef = 53FB495F206F95E6002549F0 /* AppDelegate.m */; };
		53FB4966206F95E6002549F0 /* Main.storyboard in Resources */ = {isa = PBXBuildFile; fileRef = 53FB4964206F95E6002549F0 /* Main.storyboard */; };
		53FB4968206F95E7002549F0 /* Assets.xcassets in Resources */ = {isa = PBXBuildFile; fileRef = 53FB4967206F95E7002549F0 /* Assets.xcassets */; };
		53FB496B206F95E7002549F0 /* LaunchScreen.storyboard in Resources */ = {isa = PBXBuildFile; fileRef = 53FB4969206F95E7002549F0 /* LaunchScreen.storyboard */; };
		53FB496E206F95E7002549F0 /* main.m in Sources */ = {isa = PBXBuildFile; fileRef = 53FB496D206F95E7002549F0 /* main.m */; };
		53FB4978206F95E7002549F0 /* ContactsListTestTests.m in Sources */ = {isa = PBXBuildFile; fileRef = 53FB4977206F95E7002549F0 /* ContactsListTestTests.m */; };
		53FB4983206F95E7002549F0 /* ContactsListTestUITests.m in Sources */ = {isa = PBXBuildFile; fileRef = 53FB4982206F95E7002549F0 /* ContactsListTestUITests.m */; };
		53FB499F206F9DAF002549F0 /* Names.m in Sources */ = {isa = PBXBuildFile; fileRef = 53FB499E206F9DAF002549F0 /* Names.m */; };
		53FB49A2206FBAF9002549F0 /* ContactsService.m in Sources */ = {isa = PBXBuildFile; fileRef = 53FB49A1206FBAF9002549F0 /* ContactsService.m */; };
		53FB49A5206FBBD2002549F0 /* Contact.m in Sources */ = {isa = PBXBuildFile; fileRef = 53FB49A4206FBBD2002549F0 /* Contact.m */; };
		53FB49A8206FC59C002549F0 /* ContactUidsFactory.m in Sources */ = {isa = PBXBuildFile; fileRef = 53FB49A7206FC59C002549F0 /* ContactUidsFactory.m */; };
		53FB49AE206FDD49002549F0 /* NSData+Extensions.m in Sources */ = {isa = PBXBuildFile; fileRef = 53FB49AD206FDD49002549F0 /* NSData+Extensions.m */; };
		53FB49B7206FE3AD002549F0 /* FakeContactsDatabase.m in Sources */ = {isa = PBXBuildFile; fileRef = 53FB49B6206FE3AD002549F0 /* FakeContactsDatabase.m */; };
/* End PBXBuildFile section */

/* Begin PBXContainerItemProxy section */
		53FB4974206F95E7002549F0 /* PBXContainerItemProxy */ = {
			isa = PBXContainerItemProxy;
			containerPortal = 53FB4953206F95E6002549F0 /* Project object */;
			proxyType = 1;
			remoteGlobalIDString = 53FB495A206F95E6002549F0;
			remoteInfo = ContactsListTest;
		};
		53FB497F206F95E7002549F0 /* PBXContainerItemProxy */ = {
			isa = PBXContainerItemProxy;
			containerPortal = 53FB4953206F95E6002549F0 /* Project object */;
			proxyType = 1;
			remoteGlobalIDString = 53FB495A206F95E6002549F0;
			remoteInfo = ContactsListTest;
		};
/* End PBXContainerItemProxy section */

/* Begin PBXFileReference section */
		53BA85BA2070CD3800BBA5AF /* ContactsListViewController.m */ = {isa = PBXFileReference; fileEncoding = 4; lastKnownFileType = sourcecode.c.objc; path = ContactsListViewController.m; sourceTree = "<group>"; };
		53BA85BB2070CD3800BBA5AF /* ContactsListViewInput.h */ = {isa = PBXFileReference; fileEncoding = 4; lastKnownFileType = sourcecode.c.h; path = ContactsListViewInput.h; sourceTree = "<group>"; };
		53BA85BC2070CD3800BBA5AF /* ContactsListViewOutput.h */ = {isa = PBXFileReference; fileEncoding = 4; lastKnownFileType = sourcecode.c.h; path = ContactsListViewOutput.h; sourceTree = "<group>"; };
		53BA85BD2070CD3800BBA5AF /* ContactsListViewController.h */ = {isa = PBXFileReference; fileEncoding = 4; lastKnownFileType = sourcecode.c.h; path = ContactsListViewController.h; sourceTree = "<group>"; };
		53BA85BF2070CD3800BBA5AF /* ContactsListInteractor.m */ = {isa = PBXFileReference; fileEncoding = 4; lastKnownFileType = sourcecode.c.objc; path = ContactsListInteractor.m; sourceTree = "<group>"; };
		53BA85C02070CD3800BBA5AF /* ContactsListInteractorInput.h */ = {isa = PBXFileReference; fileEncoding = 4; lastKnownFileType = sourcecode.c.h; path = ContactsListInteractorInput.h; sourceTree = "<group>"; };
		53BA85C12070CD3800BBA5AF /* ContactsListInteractorOutput.h */ = {isa = PBXFileReference; fileEncoding = 4; lastKnownFileType = sourcecode.c.h; path = ContactsListInteractorOutput.h; sourceTree = "<group>"; };
		53BA85C22070CD3800BBA5AF /* ContactsListInteractor.h */ = {isa = PBXFileReference; fileEncoding = 4; lastKnownFileType = sourcecode.c.h; path = ContactsListInteractor.h; sourceTree = "<group>"; };
		53BA85C42070CD3800BBA5AF /* ContactsListPresenter.h */ = {isa = PBXFileReference; fileEncoding = 4; lastKnownFileType = sourcecode.c.h; path = ContactsListPresenter.h; sourceTree = "<group>"; };
		53BA85C52070CD3800BBA5AF /* ContactsListPresenter.m */ = {isa = PBXFileReference; fileEncoding = 4; lastKnownFileType = sourcecode.c.objc; path = ContactsListPresenter.m; sourceTree = "<group>"; };
		53BA85C62070CD3800BBA5AF /* ContactsListModuleInput.h */ = {isa = PBXFileReference; fileEncoding = 4; lastKnownFileType = sourcecode.c.h; path = ContactsListModuleInput.h; sourceTree = "<group>"; };
		53BA85CC2070CF2800BBA5AF /* ContactsListAssembly.h */ = {isa = PBXFileReference; lastKnownFileType = sourcecode.c.h; path = ContactsListAssembly.h; sourceTree = "<group>"; };
		53BA85CD2070CF2800BBA5AF /* ContactsListAssembly.m */ = {isa = PBXFileReference; lastKnownFileType = sourcecode.c.objc; path = ContactsListAssembly.m; sourceTree = "<group>"; };
		53BA85CF2070D05200BBA5AF /* ContactsList.storyboard */ = {isa = PBXFileReference; lastKnownFileType = file.storyboard; path = ContactsList.storyboard; sourceTree = "<group>"; };
		53BA85D42070D27900BBA5AF /* ContactListTableViewCell.h */ = {isa = PBXFileReference; lastKnownFileType = sourcecode.c.h; path = ContactListTableViewCell.h; sourceTree = "<group>"; };
		53BA85D52070D27900BBA5AF /* ContactListTableViewCell.m */ = {isa = PBXFileReference; lastKnownFileType = sourcecode.c.objc; path = ContactListTableViewCell.m; sourceTree = "<group>"; };
		53BA85D72070D29200BBA5AF /* ContactListTableViewCell.xib */ = {isa = PBXFileReference; lastKnownFileType = file.xib; path = ContactListTableViewCell.xib; sourceTree = "<group>"; };
		53BA85DA2070E1AB00BBA5AF /* ContactListCellConfgurator.h */ = {isa = PBXFileReference; lastKnownFileType = sourcecode.c.h; path = ContactListCellConfgurator.h; sourceTree = "<group>"; };
		53BA85DB2070E1AB00BBA5AF /* ContactListCellConfgurator.m */ = {isa = PBXFileReference; lastKnownFileType = sourcecode.c.objc; path = ContactListCellConfgurator.m; sourceTree = "<group>"; };
		53BA85E52070EC5700BBA5AF /* StoryboardNames.h */ = {isa = PBXFileReference; lastKnownFileType = sourcecode.c.h; path = StoryboardNames.h; sourceTree = "<group>"; };
		53BA85E62070EC5700BBA5AF /* StoryboardNames.m */ = {isa = PBXFileReference; lastKnownFileType = sourcecode.c.objc; path = StoryboardNames.m; sourceTree = "<group>"; };
		53BA85EB2070F54700BBA5AF /* ContactsListLaunchRouter.h */ = {isa = PBXFileReference; lastKnownFileType = sourcecode.c.h; path = ContactsListLaunchRouter.h; sourceTree = "<group>"; };
		53BA85EC2070F54700BBA5AF /* ContactsListLaunchRouter.m */ = {isa = PBXFileReference; lastKnownFileType = sourcecode.c.objc; path = ContactsListLaunchRouter.m; sourceTree = "<group>"; };
		53BA85EF2070F84400BBA5AF /* ApplicationConfigurator.h */ = {isa = PBXFileReference; lastKnownFileType = sourcecode.c.h; path = ApplicationConfigurator.h; sourceTree = "<group>"; };
		53BA85F02070F84400BBA5AF /* ApplicationConfigurator.m */ = {isa = PBXFileReference; lastKnownFileType = sourcecode.c.objc; path = ApplicationConfigurator.m; sourceTree = "<group>"; };
		53BA85F32070FFBC00BBA5AF /* StringValidator.h */ = {isa = PBXFileReference; lastKnownFileType = sourcecode.c.h; path = StringValidator.h; sourceTree = "<group>"; };
		53BA85F42070FFBC00BBA5AF /* StringValidator.m */ = {isa = PBXFileReference; lastKnownFileType = sourcecode.c.objc; path = StringValidator.m; sourceTree = "<group>"; };
		53FB495B206F95E6002549F0 /* ContactsListTest.app */ = {isa = PBXFileReference; explicitFileType = wrapper.application; includeInIndex = 0; path = ContactsListTest.app; sourceTree = BUILT_PRODUCTS_DIR; };
		53FB495E206F95E6002549F0 /* AppDelegate.h */ = {isa = PBXFileReference; lastKnownFileType = sourcecode.c.h; path = AppDelegate.h; sourceTree = "<group>"; };
		53FB495F206F95E6002549F0 /* AppDelegate.m */ = {isa = PBXFileReference; lastKnownFileType = sourcecode.c.objc; path = AppDelegate.m; sourceTree = "<group>"; };
		53FB4965206F95E6002549F0 /* Base */ = {isa = PBXFileReference; lastKnownFileType = file.storyboard; name = Base; path = Base.lproj/Main.storyboard; sourceTree = "<group>"; };
		53FB4967206F95E7002549F0 /* Assets.xcassets */ = {isa = PBXFileReference; lastKnownFileType = folder.assetcatalog; path = Assets.xcassets; sourceTree = "<group>"; };
		53FB496A206F95E7002549F0 /* Base */ = {isa = PBXFileReference; lastKnownFileType = file.storyboard; name = Base; path = Base.lproj/LaunchScreen.storyboard; sourceTree = "<group>"; };
		53FB496C206F95E7002549F0 /* Info.plist */ = {isa = PBXFileReference; lastKnownFileType = text.plist.xml; path = Info.plist; sourceTree = "<group>"; };
		53FB496D206F95E7002549F0 /* main.m */ = {isa = PBXFileReference; lastKnownFileType = sourcecode.c.objc; path = main.m; sourceTree = "<group>"; };
		53FB4973206F95E7002549F0 /* ContactsListTestTests.xctest */ = {isa = PBXFileReference; explicitFileType = wrapper.cfbundle; includeInIndex = 0; path = ContactsListTestTests.xctest; sourceTree = BUILT_PRODUCTS_DIR; };
		53FB4977206F95E7002549F0 /* ContactsListTestTests.m */ = {isa = PBXFileReference; lastKnownFileType = sourcecode.c.objc; path = ContactsListTestTests.m; sourceTree = "<group>"; };
		53FB4979206F95E7002549F0 /* Info.plist */ = {isa = PBXFileReference; lastKnownFileType = text.plist.xml; path = Info.plist; sourceTree = "<group>"; };
		53FB497E206F95E7002549F0 /* ContactsListTestUITests.xctest */ = {isa = PBXFileReference; explicitFileType = wrapper.cfbundle; includeInIndex = 0; path = ContactsListTestUITests.xctest; sourceTree = BUILT_PRODUCTS_DIR; };
		53FB4982206F95E7002549F0 /* ContactsListTestUITests.m */ = {isa = PBXFileReference; lastKnownFileType = sourcecode.c.objc; path = ContactsListTestUITests.m; sourceTree = "<group>"; };
		53FB4984206F95E7002549F0 /* Info.plist */ = {isa = PBXFileReference; lastKnownFileType = text.plist.xml; path = Info.plist; sourceTree = "<group>"; };
		53FB499D206F9DAF002549F0 /* Names.h */ = {isa = PBXFileReference; lastKnownFileType = sourcecode.c.h; path = Names.h; sourceTree = "<group>"; };
		53FB499E206F9DAF002549F0 /* Names.m */ = {isa = PBXFileReference; lastKnownFileType = sourcecode.c.objc; path = Names.m; sourceTree = "<group>"; };
		53FB49A0206FBAF9002549F0 /* ContactsService.h */ = {isa = PBXFileReference; lastKnownFileType = sourcecode.c.h; path = ContactsService.h; sourceTree = "<group>"; };
		53FB49A1206FBAF9002549F0 /* ContactsService.m */ = {isa = PBXFileReference; lastKnownFileType = sourcecode.c.objc; path = ContactsService.m; sourceTree = "<group>"; };
		53FB49A3206FBBD2002549F0 /* Contact.h */ = {isa = PBXFileReference; lastKnownFileType = sourcecode.c.h; path = Contact.h; sourceTree = "<group>"; };
		53FB49A4206FBBD2002549F0 /* Contact.m */ = {isa = PBXFileReference; lastKnownFileType = sourcecode.c.objc; path = Contact.m; sourceTree = "<group>"; };
		53FB49A6206FC59C002549F0 /* ContactUidsFactory.h */ = {isa = PBXFileReference; lastKnownFileType = sourcecode.c.h; path = ContactUidsFactory.h; sourceTree = "<group>"; };
		53FB49A7206FC59C002549F0 /* ContactUidsFactory.m */ = {isa = PBXFileReference; lastKnownFileType = sourcecode.c.objc; path = ContactUidsFactory.m; sourceTree = "<group>"; };
		53FB49AC206FDD49002549F0 /* NSData+Extensions.h */ = {isa = PBXFileReference; lastKnownFileType = sourcecode.c.h; path = "NSData+Extensions.h"; sourceTree = "<group>"; };
		53FB49AD206FDD49002549F0 /* NSData+Extensions.m */ = {isa = PBXFileReference; lastKnownFileType = sourcecode.c.objc; path = "NSData+Extensions.m"; sourceTree = "<group>"; };
		53FB49B5206FE3AD002549F0 /* FakeContactsDatabase.h */ = {isa = PBXFileReference; lastKnownFileType = sourcecode.c.h; path = FakeContactsDatabase.h; sourceTree = "<group>"; };
		53FB49B6206FE3AD002549F0 /* FakeContactsDatabase.m */ = {isa = PBXFileReference; lastKnownFileType = sourcecode.c.objc; path = FakeContactsDatabase.m; sourceTree = "<group>"; };
/* End PBXFileReference section */

/* Begin PBXFrameworksBuildPhase section */
		53FB4958206F95E6002549F0 /* Frameworks */ = {
			isa = PBXFrameworksBuildPhase;
			buildActionMask = 2147483647;
			files = (
			);
			runOnlyForDeploymentPostprocessing = 0;
		};
		53FB4970206F95E7002549F0 /* Frameworks */ = {
			isa = PBXFrameworksBuildPhase;
			buildActionMask = 2147483647;
			files = (
			);
			runOnlyForDeploymentPostprocessing = 0;
		};
		53FB497B206F95E7002549F0 /* Frameworks */ = {
			isa = PBXFrameworksBuildPhase;
			buildActionMask = 2147483647;
			files = (
			);
			runOnlyForDeploymentPostprocessing = 0;
		};
/* End PBXFrameworksBuildPhase section */

/* Begin PBXGroup section */
		53BA85AA2070CB3300BBA5AF /* Modules */ = {
			isa = PBXGroup;
			children = (
				53BA85B12070CD3800BBA5AF /* ContactsList */,
			);
			path = Modules;
			sourceTree = "<group>";
		};
		53BA85B12070CD3800BBA5AF /* ContactsList */ = {
			isa = PBXGroup;
			children = (
				53BA85B62070CD3800BBA5AF /* Assembly */,
				53BA85B92070CD3800BBA5AF /* View */,
				53BA85BE2070CD3800BBA5AF /* Interactor */,
				53BA85C32070CD3800BBA5AF /* Presenter */,
			);
			path = ContactsList;
			sourceTree = "<group>";
		};
		53BA85B62070CD3800BBA5AF /* Assembly */ = {
			isa = PBXGroup;
			children = (
				53BA85CC2070CF2800BBA5AF /* ContactsListAssembly.h */,
				53BA85CD2070CF2800BBA5AF /* ContactsListAssembly.m */,
			);
			path = Assembly;
			sourceTree = "<group>";
		};
		53BA85B92070CD3800BBA5AF /* View */ = {
			isa = PBXGroup;
			children = (
				53BA85D12070D05A00BBA5AF /* ViewController */,
				53BA85D32070D07600BBA5AF /* Cells */,
				53BA85D22070D06A00BBA5AF /* Storyboard */,
			);
			path = View;
			sourceTree = "<group>";
		};
		53BA85BE2070CD3800BBA5AF /* Interactor */ = {
			isa = PBXGroup;
			children = (
				53BA85C22070CD3800BBA5AF /* ContactsListInteractor.h */,
				53BA85BF2070CD3800BBA5AF /* ContactsListInteractor.m */,
				53BA85C02070CD3800BBA5AF /* ContactsListInteractorInput.h */,
				53BA85C12070CD3800BBA5AF /* ContactsListInteractorOutput.h */,
			);
			path = Interactor;
			sourceTree = "<group>";
		};
		53BA85C32070CD3800BBA5AF /* Presenter */ = {
			isa = PBXGroup;
			children = (
				53BA85C42070CD3800BBA5AF /* ContactsListPresenter.h */,
				53BA85C52070CD3800BBA5AF /* ContactsListPresenter.m */,
				53BA85C62070CD3800BBA5AF /* ContactsListModuleInput.h */,
			);
			path = Presenter;
			sourceTree = "<group>";
		};
		53BA85D12070D05A00BBA5AF /* ViewController */ = {
			isa = PBXGroup;
			children = (
				53BA85BD2070CD3800BBA5AF /* ContactsListViewController.h */,
				53BA85BA2070CD3800BBA5AF /* ContactsListViewController.m */,
				53BA85BB2070CD3800BBA5AF /* ContactsListViewInput.h */,
				53BA85BC2070CD3800BBA5AF /* ContactsListViewOutput.h */,
			);
			path = ViewController;
			sourceTree = "<group>";
		};
		53BA85D22070D06A00BBA5AF /* Storyboard */ = {
			isa = PBXGroup;
			children = (
				53BA85CF2070D05200BBA5AF /* ContactsList.storyboard */,
			);
			path = Storyboard;
			sourceTree = "<group>";
		};
		53BA85D32070D07600BBA5AF /* Cells */ = {
			isa = PBXGroup;
			children = (
				53BA85DA2070E1AB00BBA5AF /* ContactListCellConfgurator.h */,
				53BA85DB2070E1AB00BBA5AF /* ContactListCellConfgurator.m */,
				53BA85D42070D27900BBA5AF /* ContactListTableViewCell.h */,
				53BA85D52070D27900BBA5AF /* ContactListTableViewCell.m */,
				53BA85D72070D29200BBA5AF /* ContactListTableViewCell.xib */,
			);
			path = Cells;
			sourceTree = "<group>";
		};
		53BA85E82070F4ED00BBA5AF /* LaunchSystem */ = {
			isa = PBXGroup;
			children = (
				53BA85E92070F52A00BBA5AF /* LaunchRouters */,
			);
			path = LaunchSystem;
			sourceTree = "<group>";
		};
		53BA85E92070F52A00BBA5AF /* LaunchRouters */ = {
			isa = PBXGroup;
			children = (
				53BA85EA2070F53500BBA5AF /* ContactsListLaunchRouter */,
			);
			path = LaunchRouters;
			sourceTree = "<group>";
		};
		53BA85EA2070F53500BBA5AF /* ContactsListLaunchRouter */ = {
			isa = PBXGroup;
			children = (
				53BA85EB2070F54700BBA5AF /* ContactsListLaunchRouter.h */,
				53BA85EC2070F54700BBA5AF /* ContactsListLaunchRouter.m */,
			);
			path = ContactsListLaunchRouter;
			sourceTree = "<group>";
		};
		53BA85EE2070F83000BBA5AF /* ApplicationConfigurator */ = {
			isa = PBXGroup;
			children = (
				53BA85EF2070F84400BBA5AF /* ApplicationConfigurator.h */,
				53BA85F02070F84400BBA5AF /* ApplicationConfigurator.m */,
			);
			path = ApplicationConfigurator;
			sourceTree = "<group>";
		};
		53BA85F22070FF9300BBA5AF /* StringValidator */ = {
			isa = PBXGroup;
			children = (
				53BA85F32070FFBC00BBA5AF /* StringValidator.h */,
				53BA85F42070FFBC00BBA5AF /* StringValidator.m */,
			);
			path = StringValidator;
			sourceTree = "<group>";
		};
		53FB4952206F95E6002549F0 = {
			isa = PBXGroup;
			children = (
				53FB495D206F95E6002549F0 /* ContactsListTest */,
				53FB4976206F95E7002549F0 /* ContactsListTestTests */,
				53FB4981206F95E7002549F0 /* ContactsListTestUITests */,
				53FB495C206F95E6002549F0 /* Products */,
			);
			sourceTree = "<group>";
		};
		53FB495C206F95E6002549F0 /* Products */ = {
			isa = PBXGroup;
			children = (
				53FB495B206F95E6002549F0 /* ContactsListTest.app */,
				53FB4973206F95E7002549F0 /* ContactsListTestTests.xctest */,
				53FB497E206F95E7002549F0 /* ContactsListTestUITests.xctest */,
			);
			name = Products;
			sourceTree = "<group>";
		};
		53FB495D206F95E6002549F0 /* ContactsListTest */ = {
			isa = PBXGroup;
			children = (
				53FB4990206F979D002549F0 /* ApplicationLayer */,
				53FB4992206F97DC002549F0 /* PresentationLayer */,
				53FB4993206F983D002549F0 /* BusinessLogicLayer */,
				53FB4994206F9853002549F0 /* CoreLayer */,
				53FB4995206F9859002549F0 /* Models */,
				53FB4999206F993A002549F0 /* Constants */,
				53FB4996206F9875002549F0 /* Resources */,
				53FB49AF206FDE0C002549F0 /* Extensions */,
			);
			path = ContactsListTest;
			sourceTree = "<group>";
		};
		53FB4976206F95E7002549F0 /* ContactsListTestTests */ = {
			isa = PBXGroup;
			children = (
				53FB4977206F95E7002549F0 /* ContactsListTestTests.m */,
				53FB4979206F95E7002549F0 /* Info.plist */,
			);
			path = ContactsListTestTests;
			sourceTree = "<group>";
		};
		53FB4981206F95E7002549F0 /* ContactsListTestUITests */ = {
			isa = PBXGroup;
			children = (
				53FB4982206F95E7002549F0 /* ContactsListTestUITests.m */,
				53FB4984206F95E7002549F0 /* Info.plist */,
			);
			path = ContactsListTestUITests;
			sourceTree = "<group>";
		};
		53FB4990206F979D002549F0 /* ApplicationLayer */ = {
			isa = PBXGroup;
			children = (
				53BA85EE2070F83000BBA5AF /* ApplicationConfigurator */,
				53BA85E82070F4ED00BBA5AF /* LaunchSystem */,
				53FB49A9206FC8C0002549F0 /* Supporting Files */,
				53FB4991206F97AC002549F0 /* AppDelegates */,
			);
			path = ApplicationLayer;
			sourceTree = "<group>";
		};
		53FB4991206F97AC002549F0 /* AppDelegates */ = {
			isa = PBXGroup;
			children = (
				53FB495E206F95E6002549F0 /* AppDelegate.h */,
				53FB495F206F95E6002549F0 /* AppDelegate.m */,
			);
			path = AppDelegates;
			sourceTree = "<group>";
		};
		53FB4992206F97DC002549F0 /* PresentationLayer */ = {
			isa = PBXGroup;
			children = (
				53BA85AA2070CB3300BBA5AF /* Modules */,
				53FB4969206F95E7002549F0 /* LaunchScreen.storyboard */,
				53FB4964206F95E6002549F0 /* Main.storyboard */,
			);
			path = PresentationLayer;
			sourceTree = "<group>";
		};
		53FB4993206F983D002549F0 /* BusinessLogicLayer */ = {
			isa = PBXGroup;
			children = (
				53FB49B0206FE2B5002549F0 /* ContactsService */,
			);
			path = BusinessLogicLayer;
			sourceTree = "<group>";
		};
		53FB4994206F9853002549F0 /* CoreLayer */ = {
			isa = PBXGroup;
			children = (
				53BA85F22070FF9300BBA5AF /* StringValidator */,
				53FB49B8206FE5F9002549F0 /* FakeContactsDatabase */,
				53FB49B1206FE2C7002549F0 /* ContactUidsFactory */,
			);
			path = CoreLayer;
			sourceTree = "<group>";
		};
		53FB4995206F9859002549F0 /* Models */ = {
			isa = PBXGroup;
			children = (
				53FB49B4206FE2E7002549F0 /* Contact */,
				53FB49B2206FE2CF002549F0 /* Names */,
			);
			path = Models;
			sourceTree = "<group>";
		};
		53FB4996206F9875002549F0 /* Resources */ = {
			isa = PBXGroup;
			children = (
				53FB4998206F989A002549F0 /* Images */,
				53FB4997206F9878002549F0 /* Plists */,
			);
			path = Resources;
			sourceTree = "<group>";
		};
		53FB4997206F9878002549F0 /* Plists */ = {
			isa = PBXGroup;
			children = (
				53FB496C206F95E7002549F0 /* Info.plist */,
			);
			path = Plists;
			sourceTree = "<group>";
		};
		53FB4998206F989A002549F0 /* Images */ = {
			isa = PBXGroup;
			children = (
				53FB4967206F95E7002549F0 /* Assets.xcassets */,
			);
			path = Images;
			sourceTree = "<group>";
		};
		53FB4999206F993A002549F0 /* Constants */ = {
			isa = PBXGroup;
			children = (
				53BA85E52070EC5700BBA5AF /* StoryboardNames.h */,
				53BA85E62070EC5700BBA5AF /* StoryboardNames.m */,
			);
			path = Constants;
			sourceTree = "<group>";
		};
		53FB49A9206FC8C0002549F0 /* Supporting Files */ = {
			isa = PBXGroup;
			children = (
				53FB496D206F95E7002549F0 /* main.m */,
			);
			path = "Supporting Files";
			sourceTree = "<group>";
		};
		53FB49AF206FDE0C002549F0 /* Extensions */ = {
			isa = PBXGroup;
			children = (
				53FB49AC206FDD49002549F0 /* NSData+Extensions.h */,
				53FB49AD206FDD49002549F0 /* NSData+Extensions.m */,
			);
			path = Extensions;
			sourceTree = "<group>";
		};
		53FB49B0206FE2B5002549F0 /* ContactsService */ = {
			isa = PBXGroup;
			children = (
				53FB49A0206FBAF9002549F0 /* ContactsService.h */,
				53FB49A1206FBAF9002549F0 /* ContactsService.m */,
			);
			path = ContactsService;
			sourceTree = "<group>";
		};
		53FB49B1206FE2C7002549F0 /* ContactUidsFactory */ = {
			isa = PBXGroup;
			children = (
				53FB49A6206FC59C002549F0 /* ContactUidsFactory.h */,
				53FB49A7206FC59C002549F0 /* ContactUidsFactory.m */,
			);
			path = ContactUidsFactory;
			sourceTree = "<group>";
		};
		53FB49B2206FE2CF002549F0 /* Names */ = {
			isa = PBXGroup;
			children = (
				53FB499D206F9DAF002549F0 /* Names.h */,
				53FB499E206F9DAF002549F0 /* Names.m */,
			);
			path = Names;
			sourceTree = "<group>";
		};
		53FB49B4206FE2E7002549F0 /* Contact */ = {
			isa = PBXGroup;
			children = (
				53FB49A3206FBBD2002549F0 /* Contact.h */,
				53FB49A4206FBBD2002549F0 /* Contact.m */,
			);
			path = Contact;
			sourceTree = "<group>";
		};
		53FB49B8206FE5F9002549F0 /* FakeContactsDatabase */ = {
			isa = PBXGroup;
			children = (
				53FB49B5206FE3AD002549F0 /* FakeContactsDatabase.h */,
				53FB49B6206FE3AD002549F0 /* FakeContactsDatabase.m */,
			);
			path = FakeContactsDatabase;
			sourceTree = "<group>";
		};
/* End PBXGroup section */

/* Begin PBXNativeTarget section */
		53FB495A206F95E6002549F0 /* ContactsListTest */ = {
			isa = PBXNativeTarget;
			buildConfigurationList = 53FB4987206F95E7002549F0 /* Build configuration list for PBXNativeTarget "ContactsListTest" */;
			buildPhases = (
				53FB4957206F95E6002549F0 /* Sources */,
				53FB4958206F95E6002549F0 /* Frameworks */,
				53FB4959206F95E6002549F0 /* Resources */,
			);
			buildRules = (
			);
			dependencies = (
			);
			name = ContactsListTest;
			productName = ContactsListTest;
			productReference = 53FB495B206F95E6002549F0 /* ContactsListTest.app */;
			productType = "com.apple.product-type.application";
		};
		53FB4972206F95E7002549F0 /* ContactsListTestTests */ = {
			isa = PBXNativeTarget;
			buildConfigurationList = 53FB498A206F95E7002549F0 /* Build configuration list for PBXNativeTarget "ContactsListTestTests" */;
			buildPhases = (
				53FB496F206F95E7002549F0 /* Sources */,
				53FB4970206F95E7002549F0 /* Frameworks */,
				53FB4971206F95E7002549F0 /* Resources */,
			);
			buildRules = (
			);
			dependencies = (
				53FB4975206F95E7002549F0 /* PBXTargetDependency */,
			);
			name = ContactsListTestTests;
			productName = ContactsListTestTests;
			productReference = 53FB4973206F95E7002549F0 /* ContactsListTestTests.xctest */;
			productType = "com.apple.product-type.bundle.unit-test";
		};
		53FB497D206F95E7002549F0 /* ContactsListTestUITests */ = {
			isa = PBXNativeTarget;
			buildConfigurationList = 53FB498D206F95E7002549F0 /* Build configuration list for PBXNativeTarget "ContactsListTestUITests" */;
			buildPhases = (
				53FB497A206F95E7002549F0 /* Sources */,
				53FB497B206F95E7002549F0 /* Frameworks */,
				53FB497C206F95E7002549F0 /* Resources */,
			);
			buildRules = (
			);
			dependencies = (
				53FB4980206F95E7002549F0 /* PBXTargetDependency */,
			);
			name = ContactsListTestUITests;
			productName = ContactsListTestUITests;
			productReference = 53FB497E206F95E7002549F0 /* ContactsListTestUITests.xctest */;
			productType = "com.apple.product-type.bundle.ui-testing";
		};
/* End PBXNativeTarget section */

/* Begin PBXProject section */
		53FB4953206F95E6002549F0 /* Project object */ = {
			isa = PBXProject;
			attributes = {
				LastUpgradeCheck = 0930;
				ORGANIZATIONNAME = "Vladimir Gordienko";
				TargetAttributes = {
					53FB495A206F95E6002549F0 = {
						CreatedOnToolsVersion = 9.3;
					};
					53FB4972206F95E7002549F0 = {
						CreatedOnToolsVersion = 9.3;
						TestTargetID = 53FB495A206F95E6002549F0;
					};
					53FB497D206F95E7002549F0 = {
						CreatedOnToolsVersion = 9.3;
						TestTargetID = 53FB495A206F95E6002549F0;
					};
				};
			};
			buildConfigurationList = 53FB4956206F95E6002549F0 /* Build configuration list for PBXProject "ContactsListTest" */;
			compatibilityVersion = "Xcode 9.3";
			developmentRegion = en;
			hasScannedForEncodings = 0;
			knownRegions = (
				en,
				Base,
			);
			mainGroup = 53FB4952206F95E6002549F0;
			productRefGroup = 53FB495C206F95E6002549F0 /* Products */;
			projectDirPath = "";
			projectRoot = "";
			targets = (
				53FB495A206F95E6002549F0 /* ContactsListTest */,
				53FB4972206F95E7002549F0 /* ContactsListTestTests */,
				53FB497D206F95E7002549F0 /* ContactsListTestUITests */,
			);
		};
/* End PBXProject section */

/* Begin PBXResourcesBuildPhase section */
		53FB4959206F95E6002549F0 /* Resources */ = {
			isa = PBXResourcesBuildPhase;
			buildActionMask = 2147483647;
			files = (
				53BA85D82070D29200BBA5AF /* ContactListTableViewCell.xib in Resources */,
				53FB496B206F95E7002549F0 /* LaunchScreen.storyboard in Resources */,
				53BA85D02070D05200BBA5AF /* ContactsList.storyboard in Resources */,
				53FB4968206F95E7002549F0 /* Assets.xcassets in Resources */,
				53FB4966206F95E6002549F0 /* Main.storyboard in Resources */,
			);
			runOnlyForDeploymentPostprocessing = 0;
		};
		53FB4971206F95E7002549F0 /* Resources */ = {
			isa = PBXResourcesBuildPhase;
			buildActionMask = 2147483647;
			files = (
			);
			runOnlyForDeploymentPostprocessing = 0;
		};
		53FB497C206F95E7002549F0 /* Resources */ = {
			isa = PBXResourcesBuildPhase;
			buildActionMask = 2147483647;
			files = (
			);
			runOnlyForDeploymentPostprocessing = 0;
		};
/* End PBXResourcesBuildPhase section */

/* Begin PBXSourcesBuildPhase section */
		53FB4957206F95E6002549F0 /* Sources */ = {
			isa = PBXSourcesBuildPhase;
			buildActionMask = 2147483647;
			files = (
				53BA85D62070D27900BBA5AF /* ContactListTableViewCell.m in Sources */,
				53BA85F52070FFBC00BBA5AF /* StringValidator.m in Sources */,
				53BA85C92070CD3800BBA5AF /* ContactsListViewController.m in Sources */,
				53FB49A2206FBAF9002549F0 /* ContactsService.m in Sources */,
				53BA85F12070F84400BBA5AF /* ApplicationConfigurator.m in Sources */,
				53BA85CB2070CD3800BBA5AF /* ContactsListPresenter.m in Sources */,
				53FB499F206F9DAF002549F0 /* Names.m in Sources */,
				53BA85CA2070CD3800BBA5AF /* ContactsListInteractor.m in Sources */,
				53FB49A5206FBBD2002549F0 /* Contact.m in Sources */,
				53FB496E206F95E7002549F0 /* main.m in Sources */,
				53FB49B7206FE3AD002549F0 /* FakeContactsDatabase.m in Sources */,
				53BA85CE2070CF2800BBA5AF /* ContactsListAssembly.m in Sources */,
				53BA85E72070EC5700BBA5AF /* StoryboardNames.m in Sources */,
				53FB49A8206FC59C002549F0 /* ContactUidsFactory.m in Sources */,
				53BA85ED2070F54700BBA5AF /* ContactsListLaunchRouter.m in Sources */,
				53BA85DC2070E1AB00BBA5AF /* ContactListCellConfgurator.m in Sources */,
				53FB4960206F95E6002549F0 /* AppDelegate.m in Sources */,
				53FB49AE206FDD49002549F0 /* NSData+Extensions.m in Sources */,
			);
			runOnlyForDeploymentPostprocessing = 0;
		};
		53FB496F206F95E7002549F0 /* Sources */ = {
			isa = PBXSourcesBuildPhase;
			buildActionMask = 2147483647;
			files = (
				53FB4978206F95E7002549F0 /* ContactsListTestTests.m in Sources */,
			);
			runOnlyForDeploymentPostprocessing = 0;
		};
		53FB497A206F95E7002549F0 /* Sources */ = {
			isa = PBXSourcesBuildPhase;
			buildActionMask = 2147483647;
			files = (
				53FB4983206F95E7002549F0 /* ContactsListTestUITests.m in Sources */,
			);
			runOnlyForDeploymentPostprocessing = 0;
		};
/* End PBXSourcesBuildPhase section */

/* Begin PBXTargetDependency section */
		53FB4975206F95E7002549F0 /* PBXTargetDependency */ = {
			isa = PBXTargetDependency;
			target = 53FB495A206F95E6002549F0 /* ContactsListTest */;
			targetProxy = 53FB4974206F95E7002549F0 /* PBXContainerItemProxy */;
		};
		53FB4980206F95E7002549F0 /* PBXTargetDependency */ = {
			isa = PBXTargetDependency;
			target = 53FB495A206F95E6002549F0 /* ContactsListTest */;
			targetProxy = 53FB497F206F95E7002549F0 /* PBXContainerItemProxy */;
		};
/* End PBXTargetDependency section */

/* Begin PBXVariantGroup section */
		53FB4964206F95E6002549F0 /* Main.storyboard */ = {
			isa = PBXVariantGroup;
			children = (
				53FB4965206F95E6002549F0 /* Base */,
			);
			name = Main.storyboard;
			sourceTree = "<group>";
		};
		53FB4969206F95E7002549F0 /* LaunchScreen.storyboard */ = {
			isa = PBXVariantGroup;
			children = (
				53FB496A206F95E7002549F0 /* Base */,
			);
			name = LaunchScreen.storyboard;
			sourceTree = "<group>";
		};
/* End PBXVariantGroup section */

/* Begin XCBuildConfiguration section */
		53FB4985206F95E7002549F0 /* Debug */ = {
			isa = XCBuildConfiguration;
			buildSettings = {
				ALWAYS_SEARCH_USER_PATHS = NO;
				CLANG_ANALYZER_NONNULL = YES;
				CLANG_ANALYZER_NUMBER_OBJECT_CONVERSION = YES_AGGRESSIVE;
				CLANG_CXX_LANGUAGE_STANDARD = "gnu++14";
				CLANG_CXX_LIBRARY = "libc++";
				CLANG_ENABLE_MODULES = YES;
				CLANG_ENABLE_OBJC_ARC = YES;
				CLANG_ENABLE_OBJC_WEAK = YES;
				CLANG_WARN_BLOCK_CAPTURE_AUTORELEASING = YES;
				CLANG_WARN_BOOL_CONVERSION = YES;
				CLANG_WARN_COMMA = YES;
				CLANG_WARN_CONSTANT_CONVERSION = YES;
				CLANG_WARN_DEPRECATED_OBJC_IMPLEMENTATIONS = YES;
				CLANG_WARN_DIRECT_OBJC_ISA_USAGE = YES_ERROR;
				CLANG_WARN_DOCUMENTATION_COMMENTS = YES;
				CLANG_WARN_EMPTY_BODY = YES;
				CLANG_WARN_ENUM_CONVERSION = YES;
				CLANG_WARN_INFINITE_RECURSION = YES;
				CLANG_WARN_INT_CONVERSION = YES;
				CLANG_WARN_NON_LITERAL_NULL_CONVERSION = YES;
				CLANG_WARN_OBJC_IMPLICIT_RETAIN_SELF = YES;
				CLANG_WARN_OBJC_LITERAL_CONVERSION = YES;
				CLANG_WARN_OBJC_ROOT_CLASS = YES_ERROR;
				CLANG_WARN_RANGE_LOOP_ANALYSIS = YES;
				CLANG_WARN_STRICT_PROTOTYPES = YES;
				CLANG_WARN_SUSPICIOUS_MOVE = YES;
				CLANG_WARN_UNGUARDED_AVAILABILITY = YES_AGGRESSIVE;
				CLANG_WARN_UNREACHABLE_CODE = YES;
				CLANG_WARN__DUPLICATE_METHOD_MATCH = YES;
				CODE_SIGN_IDENTITY = "iPhone Developer";
				COPY_PHASE_STRIP = NO;
				DEBUG_INFORMATION_FORMAT = dwarf;
				ENABLE_STRICT_OBJC_MSGSEND = YES;
				ENABLE_TESTABILITY = YES;
				GCC_C_LANGUAGE_STANDARD = gnu11;
				GCC_DYNAMIC_NO_PIC = NO;
				GCC_NO_COMMON_BLOCKS = YES;
				GCC_OPTIMIZATION_LEVEL = 0;
				GCC_PREPROCESSOR_DEFINITIONS = (
					"DEBUG=1",
					"$(inherited)",
				);
				GCC_WARN_64_TO_32_BIT_CONVERSION = YES;
				GCC_WARN_ABOUT_RETURN_TYPE = YES_ERROR;
				GCC_WARN_UNDECLARED_SELECTOR = YES;
				GCC_WARN_UNINITIALIZED_AUTOS = YES_AGGRESSIVE;
				GCC_WARN_UNUSED_FUNCTION = YES;
				GCC_WARN_UNUSED_VARIABLE = YES;
				IPHONEOS_DEPLOYMENT_TARGET = 11.3;
				MTL_ENABLE_DEBUG_INFO = YES;
				ONLY_ACTIVE_ARCH = YES;
				SDKROOT = iphoneos;
			};
			name = Debug;
		};
		53FB4986206F95E7002549F0 /* Release */ = {
			isa = XCBuildConfiguration;
			buildSettings = {
				ALWAYS_SEARCH_USER_PATHS = NO;
				CLANG_ANALYZER_NONNULL = YES;
				CLANG_ANALYZER_NUMBER_OBJECT_CONVERSION = YES_AGGRESSIVE;
				CLANG_CXX_LANGUAGE_STANDARD = "gnu++14";
				CLANG_CXX_LIBRARY = "libc++";
				CLANG_ENABLE_MODULES = YES;
				CLANG_ENABLE_OBJC_ARC = YES;
				CLANG_ENABLE_OBJC_WEAK = YES;
				CLANG_WARN_BLOCK_CAPTURE_AUTORELEASING = YES;
				CLANG_WARN_BOOL_CONVERSION = YES;
				CLANG_WARN_COMMA = YES;
				CLANG_WARN_CONSTANT_CONVERSION = YES;
				CLANG_WARN_DEPRECATED_OBJC_IMPLEMENTATIONS = YES;
				CLANG_WARN_DIRECT_OBJC_ISA_USAGE = YES_ERROR;
				CLANG_WARN_DOCUMENTATION_COMMENTS = YES;
				CLANG_WARN_EMPTY_BODY = YES;
				CLANG_WARN_ENUM_CONVERSION = YES;
				CLANG_WARN_INFINITE_RECURSION = YES;
				CLANG_WARN_INT_CONVERSION = YES;
				CLANG_WARN_NON_LITERAL_NULL_CONVERSION = YES;
				CLANG_WARN_OBJC_IMPLICIT_RETAIN_SELF = YES;
				CLANG_WARN_OBJC_LITERAL_CONVERSION = YES;
				CLANG_WARN_OBJC_ROOT_CLASS = YES_ERROR;
				CLANG_WARN_RANGE_LOOP_ANALYSIS = YES;
				CLANG_WARN_STRICT_PROTOTYPES = YES;
				CLANG_WARN_SUSPICIOUS_MOVE = YES;
				CLANG_WARN_UNGUARDED_AVAILABILITY = YES_AGGRESSIVE;
				CLANG_WARN_UNREACHABLE_CODE = YES;
				CLANG_WARN__DUPLICATE_METHOD_MATCH = YES;
				CODE_SIGN_IDENTITY = "iPhone Developer";
				COPY_PHASE_STRIP = NO;
				DEBUG_INFORMATION_FORMAT = "dwarf-with-dsym";
				ENABLE_NS_ASSERTIONS = NO;
				ENABLE_STRICT_OBJC_MSGSEND = YES;
				GCC_C_LANGUAGE_STANDARD = gnu11;
				GCC_NO_COMMON_BLOCKS = YES;
				GCC_WARN_64_TO_32_BIT_CONVERSION = YES;
				GCC_WARN_ABOUT_RETURN_TYPE = YES_ERROR;
				GCC_WARN_UNDECLARED_SELECTOR = YES;
				GCC_WARN_UNINITIALIZED_AUTOS = YES_AGGRESSIVE;
				GCC_WARN_UNUSED_FUNCTION = YES;
				GCC_WARN_UNUSED_VARIABLE = YES;
				IPHONEOS_DEPLOYMENT_TARGET = 11.3;
				MTL_ENABLE_DEBUG_INFO = NO;
				SDKROOT = iphoneos;
				VALIDATE_PRODUCT = YES;
			};
			name = Release;
		};
		53FB4988206F95E7002549F0 /* Debug */ = {
			isa = XCBuildConfiguration;
			buildSettings = {
				ASSETCATALOG_COMPILER_APPICON_NAME = AppIcon;
				CODE_SIGN_STYLE = Automatic;
				DEVELOPMENT_TEAM = 62EURDPN8F;
				INFOPLIST_FILE = "$(SRCROOT)/ContactsListTest/Resources/Plists/Info.plist";
				IPHONEOS_DEPLOYMENT_TARGET = 9.0;
				LD_RUNPATH_SEARCH_PATHS = (
					"$(inherited)",
					"@executable_path/Frameworks",
				);
				PRODUCT_BUNDLE_IDENTIFIER = "Vladimir-Gordienko.ContactsListTest";
				PRODUCT_NAME = "$(TARGET_NAME)";
				TARGETED_DEVICE_FAMILY = 1;
			};
			name = Debug;
		};
		53FB4989206F95E7002549F0 /* Release */ = {
			isa = XCBuildConfiguration;
			buildSettings = {
				ASSETCATALOG_COMPILER_APPICON_NAME = AppIcon;
				CODE_SIGN_STYLE = Automatic;
				DEVELOPMENT_TEAM = 62EURDPN8F;
				INFOPLIST_FILE = "$(SRCROOT)/ContactsListTest/Resources/Plists/Info.plist";
				IPHONEOS_DEPLOYMENT_TARGET = 9.0;
				LD_RUNPATH_SEARCH_PATHS = (
					"$(inherited)",
					"@executable_path/Frameworks",
				);
				PRODUCT_BUNDLE_IDENTIFIER = "Vladimir-Gordienko.ContactsListTest";
				PRODUCT_NAME = "$(TARGET_NAME)";
				TARGETED_DEVICE_FAMILY = 1;
			};
			name = Release;
		};
		53FB498B206F95E7002549F0 /* Debug */ = {
			isa = XCBuildConfiguration;
			buildSettings = {
				BUNDLE_LOADER = "$(TEST_HOST)";
				CODE_SIGN_STYLE = Automatic;
				DEVELOPMENT_TEAM = 62EURDPN8F;
				INFOPLIST_FILE = ContactsListTestTests/Info.plist;
				LD_RUNPATH_SEARCH_PATHS = (
					"$(inherited)",
					"@executable_path/Frameworks",
					"@loader_path/Frameworks",
				);
				PRODUCT_BUNDLE_IDENTIFIER = "Vladimir-Gordienko.ContactsListTestTests";
				PRODUCT_NAME = "$(TARGET_NAME)";
				TARGETED_DEVICE_FAMILY = "1,2";
				TEST_HOST = "$(BUILT_PRODUCTS_DIR)/ContactsListTest.app/ContactsListTest";
			};
			name = Debug;
		};
		53FB498C206F95E7002549F0 /* Release */ = {
			isa = XCBuildConfiguration;
			buildSettings = {
				BUNDLE_LOADER = "$(TEST_HOST)";
				CODE_SIGN_STYLE = Automatic;
				DEVELOPMENT_TEAM = 62EURDPN8F;
				INFOPLIST_FILE = ContactsListTestTests/Info.plist;
				LD_RUNPATH_SEARCH_PATHS = (
					"$(inherited)",
					"@executable_path/Frameworks",
					"@loader_path/Frameworks",
				);
				PRODUCT_BUNDLE_IDENTIFIER = "Vladimir-Gordienko.ContactsListTestTests";
				PRODUCT_NAME = "$(TARGET_NAME)";
				TARGETED_DEVICE_FAMILY = "1,2";
				TEST_HOST = "$(BUILT_PRODUCTS_DIR)/ContactsListTest.app/ContactsListTest";
			};
			name = Release;
		};
		53FB498E206F95E7002549F0 /* Debug */ = {
			isa = XCBuildConfiguration;
			buildSettings = {
				CODE_SIGN_STYLE = Automatic;
				DEVELOPMENT_TEAM = 62EURDPN8F;
				INFOPLIST_FILE = ContactsListTestUITests/Info.plist;
				LD_RUNPATH_SEARCH_PATHS = (
					"$(inherited)",
					"@executable_path/Frameworks",
					"@loader_path/Frameworks",
				);
				PRODUCT_BUNDLE_IDENTIFIER = "Vladimir-Gordienko.ContactsListTestUITests";
				PRODUCT_NAME = "$(TARGET_NAME)";
				TARGETED_DEVICE_FAMILY = "1,2";
				TEST_TARGET_NAME = ContactsListTest;
			};
			name = Debug;
		};
		53FB498F206F95E7002549F0 /* Release */ = {
			isa = XCBuildConfiguration;
			buildSettings = {
				CODE_SIGN_STYLE = Automatic;
				DEVELOPMENT_TEAM = 62EURDPN8F;
				INFOPLIST_FILE = ContactsListTestUITests/Info.plist;
				LD_RUNPATH_SEARCH_PATHS = (
					"$(inherited)",
					"@executable_path/Frameworks",
					"@loader_path/Frameworks",
				);
				PRODUCT_BUNDLE_IDENTIFIER = "Vladimir-Gordienko.ContactsListTestUITests";
				PRODUCT_NAME = "$(TARGET_NAME)";
				TARGETED_DEVICE_FAMILY = "1,2";
				TEST_TARGET_NAME = ContactsListTest;
			};
			name = Release;
		};
/* End XCBuildConfiguration section */

/* Begin XCConfigurationList section */
		53FB4956206F95E6002549F0 /* Build configuration list for PBXProject "ContactsListTest" */ = {
			isa = XCConfigurationList;
			buildConfigurations = (
				53FB4985206F95E7002549F0 /* Debug */,
				53FB4986206F95E7002549F0 /* Release */,
			);
			defaultConfigurationIsVisible = 0;
			defaultConfigurationName = Release;
		};
		53FB4987206F95E7002549F0 /* Build configuration list for PBXNativeTarget "ContactsListTest" */ = {
			isa = XCConfigurationList;
			buildConfigurations = (
				53FB4988206F95E7002549F0 /* Debug */,
				53FB4989206F95E7002549F0 /* Release */,
			);
			defaultConfigurationIsVisible = 0;
			defaultConfigurationName = Release;
		};
		53FB498A206F95E7002549F0 /* Build configuration list for PBXNativeTarget "ContactsListTestTests" */ = {
			isa = XCConfigurationList;
			buildConfigurations = (
				53FB498B206F95E7002549F0 /* Debug */,
				53FB498C206F95E7002549F0 /* Release */,
			);
			defaultConfigurationIsVisible = 0;
			defaultConfigurationName = Release;
		};
		53FB498D206F95E7002549F0 /* Build configuration list for PBXNativeTarget "ContactsListTestUITests" */ = {
			isa = XCConfigurationList;
			buildConfigurations = (
				53FB498E206F95E7002549F0 /* Debug */,
				53FB498F206F95E7002549F0 /* Release */,
			);
			defaultConfigurationIsVisible = 0;
			defaultConfigurationName = Release;
		};
/* End XCConfigurationList section */
	};
	rootObject = 53FB4953206F95E6002549F0 /* Project object */;
}
